{
  "name": "money-man",
  "version": "1.0.0",
  "lockfileVersion": 1,
  "requires": true,
  "dependencies": {
    "@date/business": {
      "version": "0.1.1",
      "resolved": "https://registry.npmjs.org/@date/business/-/business-0.1.1.tgz",
      "integrity": "sha1-rKsHlS8kxjnwPxHkQXr+1gLIxGc="
    },
    "@date/generator": {
      "version": "0.1.1",
      "resolved": "https://registry.npmjs.org/@date/generator/-/generator-0.1.1.tgz",
      "integrity": "sha1-MlUZsXUo5an/w4y/YKWZ/P7x1OA="
    },
    "@date/holidays": {
      "version": "0.2.0",
      "resolved": "https://registry.npmjs.org/@date/holidays/-/holidays-0.2.0.tgz",
      "integrity": "sha1-AqXTx+q0v2SE96fEEGV7e0DBf6Y="
    },
    "@date/holidays-us": {
      "version": "0.3.0",
      "resolved": "https://registry.npmjs.org/@date/holidays-us/-/holidays-us-0.3.0.tgz",
      "integrity": "sha1-CoRxAvDie47zc7bEvOzCspiVZcg=",
      "requires": {
        "@date/generator": "0.1.1",
        "@date/holidays": "0.2.0"
      }
    },
    "@types/node": {
      "version": "8.0.30",
      "resolved": "https://registry.npmjs.org/@types/node/-/node-8.0.30.tgz",
      "integrity": "sha512-IaQtG3DWe9gRsmk1DqNnYyRVjGDVcBdZywkRVF2f62Boe8XKmlR7lNcwC6pk4V4W8nk+Zu+vdGMsOdRTDj1JPA==",
      "dev": true
    },
    "rrule-alt": {
      "version": "2.2.5",
      "resolved": "https://registry.npmjs.org/rrule-alt/-/rrule-alt-2.2.5.tgz",
      "integrity": "sha1-fowFmZeq4BuC5yfH2/nQ1e5xZEg="
    },
    "typescript": {
      "version": "2.5.2",
      "resolved": "https://registry.npmjs.org/typescript/-/typescript-2.5.2.tgz",
      "integrity": "sha1-A4qV99m7tCCxvzW6MdTFwd0//jQ=",
      "dev": true
    }
  }
}
